{
    "_meta": {
        "hash": {
            "sha256": "8dd0646727e562057dfd2be24ac378406d6bb825ea6c9d0600d8f197f9a45f7f"
        },
        "pipfile-spec": 6,
        "requires": {
            "python_version": "3.7"
        },
        "sources": [
            {
                "name": "pypi",
                "url": "https://pypi.org/simple",
                "verify_ssl": true
            }
        ]
    },
    "default": {
        "cliwrap": {
            "hashes": [
                "sha256:0bdae78b7ba5a7953fd2ba93120aeb8cb33e329e9674de535dc8bca669da6a98"
            ],
            "index": "pypi",
            "version": "==0.1.1"
        }
    },
    "develop": {
        "invoke": {
            "hashes": [
                "sha256:374d1e2ecf78981da94bfaf95366216aaec27c2d6a7b7d5818d92da55aa258d3",
                "sha256:769e90caeb1bd07d484821732f931f1ad8916a38e3f3e618644687fc09cb6317",
                "sha256:e6c9917a1e3e73e7ea91fdf82d5f151ccfe85bf30cc65cdb892444c02dbb5f74"
            ],
            "index": "pypi",
            "version": "==1.6.0"
        }
    }
}
